{
  "name": "decisionproof",
  "version": "1.0.0",
  "lockfileVersion": 3,
  "requires": true,
  "packages": {
    "": {
      "name": "decisionproof",
      "version": "1.0.0",
      "license": "MIT",
      "dependencies": {
        "cool-nwc": "file:vendor/cool-nwc-3.0.0.tgz"
      },
      "engines": {
        "node": ">=20"
      }
    },
    "node_modules/@noble/curves": {
      "version": "1.9.7",
      "resolved": "https://registry.npmjs.org/@noble/curves/-/curves-1.9.7.tgz",
      "integrity": "sha512-gbKGcRUYIjA3/zCCNaWDciTMFI0dCkvou3TL8Zmy5Nc7sJ47a0jtOeZoTaMxkuqRo9cRhjOdZJXegxYE5FN/xw==",
      "license": "MIT",
      "dependencies": {
        "@noble/hashes": "1.8.0"
      },
      "engines": {
        "node": "^14.21.3 || >=16"
      },
      "funding": {
        "url": "https://paulmillr.com/funding/"
      }
    },
    "node_modules/@noble/hashes": {
      "version": "1.8.0",
      "resolved": "https://registry.npmjs.org/@noble/hashes/-/hashes-1.8.0.tgz",
      "integrity": "sha512-jCs9ldd7NwzpgXDIf6P3+NrHh9/sD6CQdxHyjQI+h/6rDNo88ypBxxz45UDuZHz9r3tNz7N/VInSVoVdtXEI4A==",
      "license": "MIT",
      "engines": {
        "node": "^14.21.3 || >=16"
      },
      "funding": {
        "url": "https://paulmillr.com/funding/"
      }
    },
    "node_modules/@noble/post-quantum": {
      "version": "0.4.1",
      "resolved": "https://registry.npmjs.org/@noble/post-quantum/-/post-quantum-0.4.1.tgz",
      "integrity": "sha512-TRXjvnY9jAFNWbxOx+pKt21BNsCEWKFjMbIKwdx9CQXBudDanpY20EfOcooV7DIsRS/+Mf8D8utpUPjfGrQ8fA==",
      "license": "MIT",
      "dependencies": {
        "@noble/hashes": "1.8.0"
      },
      "funding": {
        "url": "https://paulmillr.com/funding/"
      }
    },
    "node_modules/cbor2": {
      "version": "1.12.0",
      "resolved": "https://registry.npmjs.org/cbor2/-/cbor2-1.12.0.tgz",
      "integrity": "sha512-3Cco8XQhi27DogSp9Ri6LYNZLi/TBY/JVnDe+mj06NkBjW/ZYOtekaEU4wZ4xcRMNrFkDv8KNtOAqHyDfz3lYg==",
      "license": "MIT",
      "engines": {
        "node": ">=18.7"
      }
    },
    "node_modules/cool-nwc": {
      "version": "3.0.0",
      "resolved": "file:vendor/cool-nwc-3.0.0.tgz",
      "integrity": "sha512-8N7gHnGZxZmLjkmrQ9fRNA7q1jBllLH6SuayhE8w5jvI54d+h14mwPTdSx0472IM9IaDYkbAiDsqpPYeEpx+BA==",
      "license": "Apache-2.0",
      "dependencies": {
        "@noble/curves": "^1.9.1",
        "@noble/hashes": "^1.8.0",
        "@noble/post-quantum": "^0.4.1",
        "cbor2": "^1.12.0",
        "ulid": "^2.3.0"
      },
      "bin": {
        "cool": "dist/cli/index.js"
      },
      "engines": {
        "node": ">=20"
      }
    },
    "node_modules/ulid": {
      "version": "2.4.0",
      "resolved": "https://registry.npmjs.org/ulid/-/ulid-2.4.0.tgz",
      "integrity": "sha512-fIRiVTJNcSRmXKPZtGzFQv9WRrZ3M9eoptl/teFJvjOzmpU+/K/JH6HZ8deBfb5vMEpicJcLn7JmvdknlMq7Zg==",
      "license": "MIT",
      "bin": {
        "ulid": "bin/cli.js"
      }
    }
  }
}
